{
  "nodes": {
    "cachix": {
      "locked": {
        "lastModified": 1625560633,
        "narHash": "sha256-Uhg950dgJiytcaecOJ3KB2MWDOdtUEogVyon9m6J/3g=",
        "owner": "jonascarpay",
        "repo": "declarative-cachix",
        "rev": "1986455ab3e55804458bf6e7d2a5f5b8a68defce",
        "type": "github"
      },
      "original": {
        "owner": "jonascarpay",
        "repo": "declarative-cachix",
        "type": "github"
      }
    },
    "flake-utils": {
      "locked": {
        "lastModified": 1634851050,
        "narHash": "sha256-N83GlSGPJJdcqhUxSCS/WwW5pksYf3VP1M13cDRTSVA=",
        "owner": "numtide",
        "repo": "flake-utils",
        "rev": "c91f3de5adaf1de973b797ef7485e441a65b8935",
        "type": "github"
      },
      "original": {
        "owner": "numtide",
        "repo": "flake-utils",
        "type": "github"
      }
    },
    "home": {
      "inputs": {
        "nixpkgs": [
          "nixos"
        ]
      },
      "locked": {
        "lastModified": 1638571010,
        "narHash": "sha256-KSO7u13VRLdklQTKYJaBSfVcurEvw+HifAsHR7V2i5E=",
        "owner": "nix-community",
        "repo": "home-manager",
        "rev": "781d25b315def05cd7ede3765226c54216f0b1fe",
        "type": "github"
      },
      "original": {
        "owner": "nix-community",
        "repo": "home-manager",
        "type": "github"
      }
    },
    "home-manager": {
      "inputs": {
        "nixpkgs": [
          "vscode-server",
          "nixpkgs"
        ]
      },
      "locked": {
        "lastModified": 1635839387,
        "narHash": "sha256-2B6DqfTiwY5w2TljC4+AxEUuVYMTP5Fo2h5iGNIONvk=",
        "owner": "nix-community",
        "repo": "home-manager",
        "rev": "288faaa5a65e72e37e6027024829b15c8bb69286",
        "type": "github"
      },
      "original": {
        "owner": "nix-community",
        "repo": "home-manager",
        "type": "github"
      }
    },
    "lowdown-src": {
      "flake": false,
      "locked": {
        "lastModified": 1633514407,
        "narHash": "sha256-Dw32tiMjdK9t3ETl5fzGrutQTzh2rufgZV4A/BbxuD4=",
        "owner": "kristapsdz",
        "repo": "lowdown",
        "rev": "d2c2b44ff6c27b936ec27358a2653caaef8f73b8",
        "type": "github"
      },
      "original": {
        "owner": "kristapsdz",
        "repo": "lowdown",
        "type": "github"
      }
    },
    "macos": {
      "inputs": {
        "nixpkgs": [
          "nixos"
        ]
      },
      "locked": {
        "lastModified": 1634994402,
        "narHash": "sha256-xmlCVVOYGpZoxgOqsDOVF0B0ASrnbNGVAEzID9qh2xo=",
        "owner": "lnl7",
        "repo": "nix-darwin",
        "rev": "44da835ac40dab5fd231298b59d83487382d2fab",
        "type": "github"
      },
      "original": {
        "owner": "lnl7",
        "repo": "nix-darwin",
        "type": "github"
      }
    },
    "nix": {
      "inputs": {
        "lowdown-src": "lowdown-src",
        "nixpkgs": "nixpkgs"
      },
      "locked": {
        "lastModified": 1635794566,
        "narHash": "sha256-op48CCDgLHK0qV1Batz4Ln5FqBiRjlE6qHTiZgt3b6k=",
        "owner": "nixos",
        "repo": "nix",
        "rev": "9d5c985aedcf7d11a5310eae6f27dcde8eb7f608",
        "type": "github"
      },
      "original": {
        "owner": "nixos",
        "ref": "latest-release",
        "repo": "nix",
        "type": "github"
      }
    },
    "nixos": {
      "locked": {
        "lastModified": 1638535497,
        "narHash": "sha256-tk5LNbdkUhALp00+r5ZmQ3t7n2d5M7YUQB+MznWvVOg=",
        "owner": "nixos",
        "repo": "nixpkgs",
        "rev": "c71f061c68ba8ce53471b767d5049cbd0f3d8490",
        "type": "github"
      },
      "original": {
        "owner": "nixos",
        "ref": "nixos-unstable",
        "repo": "nixpkgs",
        "type": "github"
      }
    },
    "nixpkgs": {
      "locked": {
        "lastModified": 1632864508,
        "narHash": "sha256-d127FIvGR41XbVRDPVvozUPQ/uRHbHwvfyKHwEt5xFM=",
        "owner": "NixOS",
        "repo": "nixpkgs",
        "rev": "82891b5e2c2359d7e58d08849e4c89511ab94234",
        "type": "github"
      },
      "original": {
        "id": "nixpkgs",
        "ref": "nixos-21.05-small",
        "type": "indirect"
      }
    },
    "nixpkgs-nixos-test": {
      "locked": {
        "lastModified": 1632909223,
        "narHash": "sha256-f8J2eG5n8eORyV1HLBA1PWojzSUbpvkYyuLSMHrGQKU=",
        "owner": "nixos",
        "repo": "nixpkgs",
        "rev": "e1fc1a80a071c90ab65fb6eafae5520579163783",
        "type": "github"
      },
      "original": {
        "owner": "nixos",
        "repo": "nixpkgs",
        "rev": "e1fc1a80a071c90ab65fb6eafae5520579163783",
        "type": "github"
      }
    },
    "nixpkgs_2": {
      "locked": {
        "lastModified": 1635844945,
        "narHash": "sha256-tZcL307dj28jgEU1Wdn+zwG9neyW0H2+ZjdVhvJxh9g=",
        "owner": "nixos",
        "repo": "nixpkgs",
        "rev": "b67e752c29f18a0ca5534a07661366d6a2c2e649",
        "type": "github"
      },
      "original": {
        "owner": "nixos",
        "ref": "nixos-unstable",
        "repo": "nixpkgs",
        "type": "github"
      }
    },
    "nur": {
      "locked": {
        "lastModified": 1638844504,
        "narHash": "sha256-BL7SMeB0KLo5hkPHuoQaorkESB8QcUK2KIdqXxnDZeE=",
        "owner": "nix-community",
        "repo": "NUR",
        "rev": "0d281fa170911a6aed771b3b2e471d500f83755f",
        "type": "github"
      },
      "original": {
        "owner": "nix-community",
        "repo": "NUR",
        "type": "github"
      }
    },
    "root": {
      "inputs": {
        "cachix": "cachix",
        "home": "home",
        "macos": "macos",
        "nix": "nix",
        "nixos": "nixos",
        "nur": "nur",
        "vscode-server": "vscode-server"
      }
    },
    "vscode-server": {
      "inputs": {
        "flake-utils": "flake-utils",
        "home-manager": "home-manager",
        "nixpkgs": "nixpkgs_2",
        "nixpkgs-nixos-test": "nixpkgs-nixos-test"
      },
      "locked": {
        "lastModified": 1636482527,
        "narHash": "sha256-/o4DCLlVPx6lk7tnS/5t109vUPhY4rzEN00iGMG43sE=",
        "owner": "yaxitech",
        "repo": "vscode-server-fixup",
        "rev": "c78b489936ba7e06dd13c751b01932e36f07cd33",
        "type": "github"
      },
      "original": {
        "owner": "yaxitech",
        "repo": "vscode-server-fixup",
        "type": "github"
      }
    }
  },
  "root": "root",
  "version": 7
}
